
Microsoft Visual Studio Solution File, Format Version 12.00
# Visual Studio Version 17
VisualStudioVersion = 17.1.32228.430
MinimumVisualStudioVersion = 10.0.40219.1
Project("{9A19103F-16F7-4668-BE54-9A1E7A4F7556}") = "Application", "Application\Application.csproj", "{C5A69451-2C13-4C5C-AA8A-9D718FA73DBE}"
EndProject
Project("{9A19103F-16F7-4668-BE54-9A1E7A4F7556}") = "ParsingLibrary", "ParsingLibrary\ParsingLibrary.csproj", "{51969B09-D21A-4D51-8C77-56E3AC349CB1}"
EndProject
Global
	GlobalSection(SolutionConfigurationPlatforms) = preSolution
		Debug|Any CPU = Debug|Any CPU
		Release|Any CPU = Release|Any CPU
	EndGlobalSection
	GlobalSection(ProjectConfigurationPlatforms) = postSolution
		{C5A69451-2C13-4C5C-AA8A-9D718FA73DBE}.Debug|Any CPU.ActiveCfg = Debug|Any CPU
		{C5A69451-2C13-4C5C-AA8A-9D718FA73DBE}.Debug|Any CPU.Build.0 = Debug|Any CPU
		{C5A69451-2C13-4C5C-AA8A-9D718FA73DBE}.Release|Any CPU.ActiveCfg = Release|Any CPU
		{C5A69451-2C13-4C5C-AA8A-9D718FA73DBE}.Release|Any CPU.Build.0 = Release|Any CPU
		{51969B09-D21A-4D51-8C77-56E3AC349CB1}.Debug|Any CPU.ActiveCfg = Debug|Any CPU
		{51969B09-D21A-4D51-8C77-56E3AC349CB1}.Debug|Any CPU.Build.0 = Debug|Any CPU
		{51969B09-D21A-4D51-8C77-56E3AC349CB1}.Release|Any CPU.ActiveCfg = Release|Any CPU
		{51969B09-D21A-4D51-8C77-56E3AC349CB1}.Release|Any CPU.Build.0 = Release|Any CPU
	EndGlobalSection
	GlobalSection(SolutionProperties) = preSolution
		HideSolutionNode = FALSE
	EndGlobalSection
	GlobalSection(ExtensibilityGlobals) = postSolution
		SolutionGuid = {0FF94F39-621D-4858-9EBC-F52D3B392AA9}
	EndGlobalSection
EndGlobal
